
Microsoft Visual Studio Solution File, Format Version 12.00
# Visual Studio 14
VisualStudioVersion = 14.0.25420.1
MinimumVisualStudioVersion = 10.0.40219.1
Project("{FAE04EC0-301F-11D3-BF4B-00C04F79EFBC}") = "Scientific_Calculator", "Scientific_Calculator\Scientific_Calculator.csproj", "{305718A5-BE50-4E59-93E8-03E31D83BB89}"
EndProject
Project("{FAE04EC0-301F-11D3-BF4B-00C04F79EFBC}") = "Scientific_CalculatorTests", "Scientific_CalculatorTests\Scientific_CalculatorTests.csproj", "{5C1325A7-09DF-4058-BA2E-F0C7050CA274}"
EndProject
Global
	GlobalSection(SolutionConfigurationPlatforms) = preSolution
		Debug|Any CPU = Debug|Any CPU
		Release|Any CPU = Release|Any CPU
	EndGlobalSection
	GlobalSection(ProjectConfigurationPlatforms) = postSolution
		{305718A5-BE50-4E59-93E8-03E31D83BB89}.Debug|Any CPU.ActiveCfg = Debug|Any CPU
		{305718A5-BE50-4E59-93E8-03E31D83BB89}.Debug|Any CPU.Build.0 = Debug|Any CPU
		{305718A5-BE50-4E59-93E8-03E31D83BB89}.Release|Any CPU.ActiveCfg = Release|Any CPU
		{305718A5-BE50-4E59-93E8-03E31D83BB89}.Release|Any CPU.Build.0 = Release|Any CPU
		{5C1325A7-09DF-4058-BA2E-F0C7050CA274}.Debug|Any CPU.ActiveCfg = Debug|Any CPU
		{5C1325A7-09DF-4058-BA2E-F0C7050CA274}.Debug|Any CPU.Build.0 = Debug|Any CPU
		{5C1325A7-09DF-4058-BA2E-F0C7050CA274}.Release|Any CPU.ActiveCfg = Release|Any CPU
		{5C1325A7-09DF-4058-BA2E-F0C7050CA274}.Release|Any CPU.Build.0 = Release|Any CPU
	EndGlobalSection
	GlobalSection(SolutionProperties) = preSolution
		HideSolutionNode = FALSE
	EndGlobalSection
EndGlobal
